
Microsoft Visual Studio Solution File, Format Version 12.00
# Visual Studio Version 16
VisualStudioVersion = 16.0.31613.86
MinimumVisualStudioVersion = 10.0.40219.1
Project("{FAE04EC0-301F-11D3-BF4B-00C04F79EFBC}") = "Json.Parsing.Test", "Json.Parsing.Test\Json.Parsing.Test.csproj", "{E7B8BE9E-1F47-42D1-BBC5-3AAE4AE02D37}"
EndProject
Global
	GlobalSection(SolutionConfigurationPlatforms) = preSolution
		Debug|Any CPU = Debug|Any CPU
		Release|Any CPU = Release|Any CPU
	EndGlobalSection
	GlobalSection(ProjectConfigurationPlatforms) = postSolution
		{E7B8BE9E-1F47-42D1-BBC5-3AAE4AE02D37}.Debug|Any CPU.ActiveCfg = Debug|Any CPU
		{E7B8BE9E-1F47-42D1-BBC5-3AAE4AE02D37}.Debug|Any CPU.Build.0 = Debug|Any CPU
		{E7B8BE9E-1F47-42D1-BBC5-3AAE4AE02D37}.Release|Any CPU.ActiveCfg = Release|Any CPU
		{E7B8BE9E-1F47-42D1-BBC5-3AAE4AE02D37}.Release|Any CPU.Build.0 = Release|Any CPU
	EndGlobalSection
	GlobalSection(SolutionProperties) = preSolution
		HideSolutionNode = FALSE
	EndGlobalSection
	GlobalSection(ExtensibilityGlobals) = postSolution
		SolutionGuid = {52A7D1CB-3264-497D-845D-20DD66D0D630}
	EndGlobalSection
EndGlobal
